{
  "name": "PreEntrega3 + PaolaGonzalez",
  "lockfileVersion": 3,
  "requires": true,
  "packages": {
    "": {
      "dependencies": {
        "@fontsource-variable/work-sans": "^5.0.18",
        "@fontsource/fredoka-one": "^5.0.5",
        "bootstrap": "^5.3.3",
        "bootstrap-icons": "^1.11.3",
        "sweetalert2": "^11.10.6",
        "toastify-js": "^1.12.0"
      }
    },
    "node_modules/@fontsource-variable/work-sans": {
      "version": "5.0.18",
      "resolved": "https://registry.npmjs.org/@fontsource-variable/work-sans/-/work-sans-5.0.18.tgz",
      "integrity": "sha512-g9QIvni8hnIJdS7e2/Ba1pvHBA2HlIfohhAtycV3kw8t4rj7vIu6efJz5Qvh7I+Qy5vCIfog1fylvqsFeCEx+A=="
    },
    "node_modules/@fontsource/fredoka-one": {
      "version": "5.0.5",
      "resolved": "https://registry.npmjs.org/@fontsource/fredoka-one/-/fredoka-one-5.0.5.tgz",
      "integrity": "sha512-cSpibxKqsrZCGJAisYkptDcr0O+gjk8h0RQxIqoiXEhXMaI2x7wc8Zyl6HyUUTTH5wHxi0tlM7zyQ4zwADVHiw=="
    },
    "node_modules/@popperjs/core": {
      "version": "2.11.8",
      "resolved": "https://registry.npmjs.org/@popperjs/core/-/core-2.11.8.tgz",
      "integrity": "sha512-P1st0aksCrn9sGZhp8GMYwBnQsbvAWsZAX44oXNNvLHGqAOcoVxmjZiohstwQ7SqKnbR47akdNi+uleWD8+g6A==",
      "peer": true,
      "funding": {
        "type": "opencollective",
        "url": "https://opencollective.com/popperjs"
      }
    },
    "node_modules/bootstrap": {
      "version": "5.3.3",
      "resolved": "https://registry.npmjs.org/bootstrap/-/bootstrap-5.3.3.tgz",
      "integrity": "sha512-8HLCdWgyoMguSO9o+aH+iuZ+aht+mzW0u3HIMzVu7Srrpv7EBBxTnrFlSCskwdY1+EOFQSm7uMJhNQHkdPcmjg==",
      "funding": [
        {
          "type": "github",
          "url": "https://github.com/sponsors/twbs"
        },
        {
          "type": "opencollective",
          "url": "https://opencollective.com/bootstrap"
        }
      ],
      "peerDependencies": {
        "@popperjs/core": "^2.11.8"
      }
    },
    "node_modules/bootstrap-icons": {
      "version": "1.11.3",
      "resolved": "https://registry.npmjs.org/bootstrap-icons/-/bootstrap-icons-1.11.3.tgz",
      "integrity": "sha512-+3lpHrCw/it2/7lBL15VR0HEumaBss0+f/Lb6ZvHISn1mlK83jjFpooTLsMWbIjJMDjDjOExMsTxnXSIT4k4ww==",
      "funding": [
        {
          "type": "github",
          "url": "https://github.com/sponsors/twbs"
        },
        {
          "type": "opencollective",
          "url": "https://opencollective.com/bootstrap"
        }
      ]
    },
    "node_modules/sweetalert2": {
      "version": "11.10.6",
      "resolved": "https://registry.npmjs.org/sweetalert2/-/sweetalert2-11.10.6.tgz",
      "integrity": "sha512-CINZPLZXZRSZqSOE7H7j1F7X8e8O1kLOiXPmtJn1DYxvXsKBr3d16d90+IcwTTs7dJww20h8r8QIxIwsLGX+6A==",
      "funding": {
        "type": "individual",
        "url": "https://github.com/sponsors/limonte"
      }
    },
    "node_modules/toastify-js": {
      "version": "1.12.0",
      "resolved": "https://registry.npmjs.org/toastify-js/-/toastify-js-1.12.0.tgz",
      "integrity": "sha512-HeMHCO9yLPvP9k0apGSdPUWrUbLnxUKNFzgUoZp1PHCLploIX/4DSQ7V8H25ef+h4iO9n0he7ImfcndnN6nDrQ=="
    }
  }
}
